
Microsoft Visual Studio Solution File, Format Version 12.00
# Visual Studio Version 16
VisualStudioVersion = 16.0.31515.178
MinimumVisualStudioVersion = 10.0.40219.1
Project("{FAE04EC0-301F-11D3-BF4B-00C04F79EFBC}") = "3DNet.Console", "3DNet.Console\3DNet.Console.csproj", "{C3F3C0E0-664D-4A5F-819B-432E945B972F}"
EndProject
Project("{FAE04EC0-301F-11D3-BF4B-00C04F79EFBC}") = "3DNet.Engine", "3DNet.Engine\3DNet.Engine.csproj", "{1F1C18B1-B9F4-4E1B-8993-A19C6BDE5979}"
EndProject
Project("{9A19103F-16F7-4668-BE54-9A1E7A4F7556}") = "3DNet.Math", "3DNet.Math\3DNet.Math.csproj", "{AF6B9D84-0DFC-4E63-93EB-C9AFFB039343}"
EndProject
Project("{FAE04EC0-301F-11D3-BF4B-00C04F79EFBC}") = "3DNet.Rendering.D3D11", "3DNet.Rendering.D3D\3DNet.Rendering.D3D11.csproj", "{B7D3C3A2-CC96-47E9-8221-48EDABF1CE52}"
EndProject
Global
	GlobalSection(SolutionConfigurationPlatforms) = preSolution
		Debug|Any CPU = Debug|Any CPU
		Release|Any CPU = Release|Any CPU
	EndGlobalSection
	GlobalSection(ProjectConfigurationPlatforms) = postSolution
		{C3F3C0E0-664D-4A5F-819B-432E945B972F}.Debug|Any CPU.ActiveCfg = Debug|Any CPU
		{C3F3C0E0-664D-4A5F-819B-432E945B972F}.Debug|Any CPU.Build.0 = Debug|Any CPU
		{C3F3C0E0-664D-4A5F-819B-432E945B972F}.Release|Any CPU.ActiveCfg = Release|Any CPU
		{C3F3C0E0-664D-4A5F-819B-432E945B972F}.Release|Any CPU.Build.0 = Release|Any CPU
		{1F1C18B1-B9F4-4E1B-8993-A19C6BDE5979}.Debug|Any CPU.ActiveCfg = Debug|Any CPU
		{1F1C18B1-B9F4-4E1B-8993-A19C6BDE5979}.Debug|Any CPU.Build.0 = Debug|Any CPU
		{1F1C18B1-B9F4-4E1B-8993-A19C6BDE5979}.Release|Any CPU.ActiveCfg = Release|Any CPU
		{1F1C18B1-B9F4-4E1B-8993-A19C6BDE5979}.Release|Any CPU.Build.0 = Release|Any CPU
		{AF6B9D84-0DFC-4E63-93EB-C9AFFB039343}.Debug|Any CPU.ActiveCfg = Debug|Any CPU
		{AF6B9D84-0DFC-4E63-93EB-C9AFFB039343}.Debug|Any CPU.Build.0 = Debug|Any CPU
		{AF6B9D84-0DFC-4E63-93EB-C9AFFB039343}.Release|Any CPU.ActiveCfg = Release|Any CPU
		{AF6B9D84-0DFC-4E63-93EB-C9AFFB039343}.Release|Any CPU.Build.0 = Release|Any CPU
		{B7D3C3A2-CC96-47E9-8221-48EDABF1CE52}.Debug|Any CPU.ActiveCfg = Debug|Any CPU
		{B7D3C3A2-CC96-47E9-8221-48EDABF1CE52}.Debug|Any CPU.Build.0 = Debug|Any CPU
		{B7D3C3A2-CC96-47E9-8221-48EDABF1CE52}.Release|Any CPU.ActiveCfg = Release|Any CPU
		{B7D3C3A2-CC96-47E9-8221-48EDABF1CE52}.Release|Any CPU.Build.0 = Release|Any CPU
	EndGlobalSection
	GlobalSection(SolutionProperties) = preSolution
		HideSolutionNode = FALSE
	EndGlobalSection
	GlobalSection(ExtensibilityGlobals) = postSolution
		SolutionGuid = {930EADEC-1C77-436B-BE51-FFDC5C1DD4DA}
	EndGlobalSection
EndGlobal
